<?xml version="1.0" encoding="UTF-8" standalone="yes" ?>
<CodeBlocks_project_file>
	<FileVersion major="1" minor="6" />
	<Project>
		<Option title="FatyBodyGym" />
		<Option pch_mode="2" />
		<Option compiler="gcc" />
		<Build>
			<Target title="Debug">
				<Option output="bin/Debug/FatyBodyGym" prefix_auto="1" extension_auto="1" />
				<Option object_output="obj/Debug/" />
				<Option type="1" />
				<Option compiler="gcc" />
				<Compiler>
					<Add option="-g" />
				</Compiler>
			</Target>
			<Target title="Release">
				<Option output="bin/Release/FatyBodyGym" prefix_auto="1" extension_auto="1" />
				<Option object_output="obj/Release/" />
				<Option type="1" />
				<Option compiler="gcc" />
				<Compiler>
					<Add option="-O2" />
				</Compiler>
				<Linker>
					<Add option="-s" />
				</Linker>
			</Target>
		</Build>
		<Compiler>
			<Add option="-Wall" />
		</Compiler>
		<Unit filename="Aluno.h">
			<Option target="&lt;{~None~}&gt;" />
		</Unit>
		<Unit filename="AlunoRepositorio.h" />
		<Unit filename="Alunos.c">
			<Option compilerVar="CC" />
			<Option target="&lt;{~None~}&gt;" />
		</Unit>
		<Unit filename="Alunos.h">
			<Option target="&lt;{~None~}&gt;" />
		</Unit>
		<Unit filename="Constantes.h">
			<Option target="&lt;{~None~}&gt;" />
		</Unit>
		<Unit filename="Evolucao.h">
			<Option target="&lt;{~None~}&gt;" />
		</Unit>
		<Unit filename="Exercicio.h">
			<Option target="&lt;{~None~}&gt;" />
		</Unit>
		<Unit filename="Exercicios.c">
			<Option compilerVar="CC" />
			<Option target="&lt;{~None~}&gt;" />
		</Unit>
		<Unit filename="Exercicios.h" />
		<Unit filename="IndexAlunoCPF.h">
			<Option target="&lt;{~None~}&gt;" />
		</Unit>
		<Unit filename="IndexAlunoCPFImpl.c">
			<Option compilerVar="CC" />
			<Option target="&lt;{~None~}&gt;" />
		</Unit>
		<Unit filename="IndexAlunoCodigo.h">
			<Option target="&lt;{~None~}&gt;" />
		</Unit>
		<Unit filename="IndexAlunoCodigoImpl.c">
			<Option compilerVar="CC" />
			<Option target="&lt;{~None~}&gt;" />
		</Unit>
		<Unit filename="IndexExercicioCodigo.h" />
		<Unit filename="IndexExercicioCodigoImpl.c">
			<Option compilerVar="CC" />
			<Option target="&lt;{~None~}&gt;" />
		</Unit>
		<Unit filename="IndexExercicioNome.h" />
		<Unit filename="IndexExercicioNomeImpl.c">
			<Option compilerVar="CC" />
			<Option target="&lt;{~None~}&gt;" />
		</Unit>
		<Unit filename="IndexTreinoAluno.h">
			<Option target="&lt;{~None~}&gt;" />
		</Unit>
		<Unit filename="IndexTreinoAlunoImpl.c">
			<Option compilerVar="CC" />
			<Option target="&lt;{~None~}&gt;" />
		</Unit>
		<Unit filename="RelatoriosAluno.c">
			<Option compilerVar="CC" />
		</Unit>
		<Unit filename="Treino.h">
			<Option target="&lt;{~None~}&gt;" />
		</Unit>
		<Unit filename="Treinos.c">
			<Option compilerVar="CC" />
			<Option target="&lt;{~None~}&gt;" />
		</Unit>
		<Unit filename="Treinos.h" />
		<Unit filename="main.c">
			<Option compilerVar="CC" />
		</Unit>
		<Extensions>
			<code_completion />
			<debugger />
		</Extensions>
	</Project>
</CodeBlocks_project_file>
